
Microsoft Visual Studio Solution File, Format Version 12.00
# Visual Studio Version 17
VisualStudioVersion = 17.0.31606.5
MinimumVisualStudioVersion = 10.0.40219.1
Project("{9A19103F-16F7-4668-BE54-9A1E7A4F7556}") = "CG.Blazor.Wizard", "CG.Blazor.Wizard\CG.Blazor.Wizard.csproj", "{C130A52F-8334-459A-80C7-5F01BA861A83}"
EndProject
Project("{9A19103F-16F7-4668-BE54-9A1E7A4F7556}") = "CG.Blazor.Wizard.Tests", "..\tests\CG.Blazor.Wizard.Tests\CG.Blazor.Wizard.Tests.csproj", "{02F02DA2-5193-4DC8-A91E-685383146CC5}"
EndProject
Global
	GlobalSection(SolutionConfigurationPlatforms) = preSolution
		Debug|Any CPU = Debug|Any CPU
		Release|Any CPU = Release|Any CPU
	EndGlobalSection
	GlobalSection(ProjectConfigurationPlatforms) = postSolution
		{C130A52F-8334-459A-80C7-5F01BA861A83}.Debug|Any CPU.ActiveCfg = Debug|Any CPU
		{C130A52F-8334-459A-80C7-5F01BA861A83}.Debug|Any CPU.Build.0 = Debug|Any CPU
		{C130A52F-8334-459A-80C7-5F01BA861A83}.Release|Any CPU.ActiveCfg = Release|Any CPU
		{C130A52F-8334-459A-80C7-5F01BA861A83}.Release|Any CPU.Build.0 = Release|Any CPU
		{02F02DA2-5193-4DC8-A91E-685383146CC5}.Debug|Any CPU.ActiveCfg = Debug|Any CPU
		{02F02DA2-5193-4DC8-A91E-685383146CC5}.Debug|Any CPU.Build.0 = Debug|Any CPU
		{02F02DA2-5193-4DC8-A91E-685383146CC5}.Release|Any CPU.ActiveCfg = Release|Any CPU
		{02F02DA2-5193-4DC8-A91E-685383146CC5}.Release|Any CPU.Build.0 = Release|Any CPU
	EndGlobalSection
	GlobalSection(SolutionProperties) = preSolution
		HideSolutionNode = FALSE
	EndGlobalSection
	GlobalSection(ExtensibilityGlobals) = postSolution
		SolutionGuid = {0ADF1B29-BC31-4E5F-A4DA-DC164588D263}
	EndGlobalSection
EndGlobal
